
Microsoft Visual Studio Solution File, Format Version 12.00
# Visual Studio Version 17
VisualStudioVersion = 17.0.31912.275
MinimumVisualStudioVersion = 10.0.40219.1
Project("{FAE04EC0-301F-11D3-BF4B-00C04F79EFBC}") = "WebAppDemoTestFrameWork", "WebAppDemoTestFrameWork\WebAppDemoTestFrameWork.csproj", "{569E4D83-EF91-4F90-9C16-8A4763535A98}"
EndProject
Global
	GlobalSection(SolutionConfigurationPlatforms) = preSolution
		Debug|Any CPU = Debug|Any CPU
		Release|Any CPU = Release|Any CPU
	EndGlobalSection
	GlobalSection(ProjectConfigurationPlatforms) = postSolution
		{569E4D83-EF91-4F90-9C16-8A4763535A98}.Debug|Any CPU.ActiveCfg = Debug|Any CPU
		{569E4D83-EF91-4F90-9C16-8A4763535A98}.Debug|Any CPU.Build.0 = Debug|Any CPU
		{569E4D83-EF91-4F90-9C16-8A4763535A98}.Release|Any CPU.ActiveCfg = Release|Any CPU
		{569E4D83-EF91-4F90-9C16-8A4763535A98}.Release|Any CPU.Build.0 = Release|Any CPU
	EndGlobalSection
	GlobalSection(SolutionProperties) = preSolution
		HideSolutionNode = FALSE
	EndGlobalSection
	GlobalSection(ExtensibilityGlobals) = postSolution
		SolutionGuid = {15A66D78-FFB7-49F0-A4D1-DC985F835A1C}
	EndGlobalSection
EndGlobal
